PODS:
  - GoogleDataTransport (9.1.2):
    - GoogleUtilities/Environment (~> 7.2)
    - nanopb (~> 2.30908.0)
    - PromisesObjC (< 3.0, >= 1.2)
  - GoogleMLKit/FaceDetection (2.5.0):
    - GoogleMLKit/MLKitCore
    - MLKitFaceDetection (~> 1.5.0)
  - GoogleMLKit/MLKitCore (2.5.0):
    - MLKitCommon (~> 5.0.0)
  - GoogleMLKit/ObjectDetection (2.5.0):
    - GoogleMLKit/MLKitCore
    - MLKitObjectDetection (~> 1.5.0)
  - GoogleMLKit/ObjectDetectionCustom (2.5.0):
    - GoogleMLKit/MLKitCore
    - MLKitObjectDetectionCustom (~> 1.5.0)
  - GoogleMLKit/PoseDetection (2.5.0):
    - GoogleMLKit/MLKitCore
    - MLKitPoseDetection (~> 1.0.0-beta7)
  - GoogleMLKit/PoseDetectionAccurate (2.5.0):
    - GoogleMLKit/MLKitCore
    - MLKitPoseDetectionAccurate (~> 1.0.0-beta7)
  - GoogleMLKit/SegmentationSelfie (2.5.0):
    - GoogleMLKit/MLKitCore
    - MLKitSegmentationSelfie (~> 1.0.0-beta5)
  - GoogleToolboxForMac/DebugUtils (2.3.2):
    - GoogleToolboxForMac/Defines (= 2.3.2)
  - GoogleToolboxForMac/Defines (2.3.2)
  - GoogleToolboxForMac/Logger (2.3.2):
    - GoogleToolboxForMac/Defines (= 2.3.2)
  - "GoogleToolboxForMac/NSData+zlib (2.3.2)":
    - GoogleToolboxForMac/Defines (= 2.3.2)
  - "GoogleToolboxForMac/NSDictionary+URLArguments (2.3.2)":
    - GoogleToolboxForMac/DebugUtils (= 2.3.2)
    - GoogleToolboxForMac/Defines (= 2.3.2)
    - "GoogleToolboxForMac/NSString+URLArguments (= 2.3.2)"
  - "GoogleToolboxForMac/NSString+URLArguments (2.3.2)"
  - GoogleUtilities/Environment (7.7.0):
    - PromisesObjC (< 3.0, >= 1.2)
  - GoogleUtilities/Logger (7.7.0):
    - GoogleUtilities/Environment
  - GoogleUtilities/UserDefaults (7.7.0):
    - GoogleUtilities/Logger
  - GoogleUtilitiesComponents (1.1.0):
    - GoogleUtilities/Logger
  - GTMSessionFetcher/Core (1.7.0)
  - MLImage (1.0.0-beta2)
  - MLKitCommon (5.0.0):
    - GoogleDataTransport (~> 9.0)
    - GoogleToolboxForMac/Logger (~> 2.1)
    - "GoogleToolboxForMac/NSData+zlib (~> 2.1)"
    - "GoogleToolboxForMac/NSDictionary+URLArguments (~> 2.1)"
    - GoogleUtilities/UserDefaults (~> 7.0)
    - GoogleUtilitiesComponents (~> 1.0)
    - GTMSessionFetcher/Core (~> 1.1)
    - Protobuf (~> 3.12)
  - MLKitFaceDetection (1.5.0):
    - MLKitCommon (~> 5.0)
    - MLKitVision (~> 3.0)
  - MLKitImageLabelingCommon (3.0.0):
    - MLKitCommon (~> 5.0)
    - MLKitVision (~> 3.0)
  - MLKitObjectDetection (1.5.0):
    - MLKitCommon (~> 5.0)
    - MLKitObjectDetectionCommon (~> 3.0)
    - MLKitVision (~> 3.0)
    - MLKitVisionKit (~> 4.0)
  - MLKitObjectDetectionCommon (3.0.0):
    - MLKitCommon (~> 5.0)
    - MLKitVision (~> 3.0)
  - MLKitObjectDetectionCustom (1.5.0):
    - MLKitCommon (~> 5.0)
    - MLKitObjectDetectionCommon (~> 3.0)
    - MLKitVision (~> 3.0)
    - MLKitVisionKit (~> 4.0)
  - MLKitPoseDetection (1.0.0-beta7):
    - MLKitCommon (~> 5.0)
    - MLKitPoseDetectionCommon (= 1.0.0-beta7)
    - MLKitXenoCommon (= 1.0.0-beta7)
  - MLKitPoseDetectionAccurate (1.0.0-beta7):
    - MLKitCommon (~> 5.0)
    - MLKitPoseDetectionCommon (= 1.0.0-beta7)
    - MLKitXenoCommon (= 1.0.0-beta7)
  - MLKitPoseDetectionCommon (1.0.0-beta7):
    - MLKitCommon (~> 5.0)
    - MLKitXenoCommon (= 1.0.0-beta7)
  - MLKitSegmentationCommon (1.0.0-beta5):
    - MLKitCommon (~> 5.0)
    - MLKitXenoCommon (= 1.0.0-beta7)
  - MLKitSegmentationSelfie (1.0.0-beta5):
    - MLKitSegmentationCommon (= 1.0.0-beta5)
  - MLKitVision (3.0.0):
    - GoogleToolboxForMac/Logger (~> 2.1)
    - "GoogleToolboxForMac/NSData+zlib (~> 2.1)"
    - GTMSessionFetcher/Core (~> 1.1)
    - MLImage (= 1.0.0-beta2)
    - MLKitCommon (~> 5.0)
    - Protobuf (~> 3.12)
  - MLKitVisionKit (4.0.0):
    - MLKitCommon (~> 5.0)
    - MLKitImageLabelingCommon (~> 3.0)
    - MLKitObjectDetectionCommon (~> 3.0)
    - MLKitVision (~> 3.0)
  - MLKitXenoCommon (1.0.0-beta7):
    - MLKitCommon (~> 5.0)
    - MLKitVision (~> 3.0)
  - nanopb (2.30908.0):
    - nanopb/decode (= 2.30908.0)
    - nanopb/encode (= 2.30908.0)
  - nanopb/decode (2.30908.0)
  - nanopb/encode (2.30908.0)
  - PromisesObjC (2.0.0)
  - Protobuf (3.19.1)

DEPENDENCIES:
  - GoogleMLKit/FaceDetection (= 2.5.0)
  - GoogleMLKit/ObjectDetection (= 2.5.0)
  - GoogleMLKit/ObjectDetectionCustom (= 2.5.0)
  - GoogleMLKit/PoseDetection (= 2.5.0)
  - GoogleMLKit/PoseDetectionAccurate (= 2.5.0)
  - GoogleMLKit/SegmentationSelfie (= 2.5.0)

SPEC REPOS:
  trunk:
    - GoogleDataTransport
    - GoogleMLKit
    - GoogleToolboxForMac
    - GoogleUtilities
    - GoogleUtilitiesComponents
    - GTMSessionFetcher
    - MLImage
    - MLKitCommon
    - MLKitFaceDetection
    - MLKitImageLabelingCommon
    - MLKitObjectDetection
    - MLKitObjectDetectionCommon
    - MLKitObjectDetectionCustom
    - MLKitPoseDetection
    - MLKitPoseDetectionAccurate
    - MLKitPoseDetectionCommon
    - MLKitSegmentationCommon
    - MLKitSegmentationSelfie
    - MLKitVision
    - MLKitVisionKit
    - MLKitXenoCommon
    - nanopb
    - PromisesObjC
    - Protobuf

SPEC CHECKSUMS:
  GoogleDataTransport: 629c20a4d363167143f30ea78320d5a7eb8bd940
  GoogleMLKit: 0d7f5aa2f8a2f2ea9d849a05abdbe80974b0ec83
  GoogleToolboxForMac: 8bef7c7c5cf7291c687cf5354f39f9db6399ad34
  GoogleUtilities: e0913149f6b0625b553d70dae12b49fc62914fd1
  GoogleUtilitiesComponents: 679b2c881db3b615a2777504623df6122dd20afe
  GTMSessionFetcher: 43748f93435c2aa068b1cbe39655aaf600652e91
  MLImage: a454f9f8ecfd537783a12f9488f5be1a68820829
  MLKitCommon: 3bc17c6f7d25ce3660f030350b46ae7ec9ebca6e
  MLKitFaceDetection: 617cb847441868a8bfd4b48d751c9b33c1104948
  MLKitImageLabelingCommon: 9916b03956a3a647ebc7471a12b1eb0798ae84f8
  MLKitObjectDetection: f30cc178275e463e57ff4434b1450cc96fddccba
  MLKitObjectDetectionCommon: 81d8ef93327005779a05fb6f2d74b0b0ef8840b1
  MLKitObjectDetectionCustom: 78c45af5ea04ad40c1d22f4358c495d792d3ef9f
  MLKitPoseDetection: 3f4763b14d3c31a6a09ce16eb2b11e0628a53868
  MLKitPoseDetectionAccurate: d796e67a98dc2bfd24f029d3b551929b2874bdf3
  MLKitPoseDetectionCommon: 7049a27c6c3054cedf5e18d3bd6901d0c9c2b4b3
  MLKitSegmentationCommon: 4c9b364bf6ba308985e2d495cd7c580c8227c5b5
  MLKitSegmentationSelfie: d52c12fb85e7ceb4ea3a644853f7d2e09be1b00c
  MLKitVision: e87dc3f2e456a6ab32361ebd985e078dd2746143
  MLKitVisionKit: 68c122ceb9b2fe1a05ffe09341c750d566c77170
  MLKitXenoCommon: 849f10d93d3fda1ee034cab23863e4abb4c24f10
  nanopb: a0ba3315591a9ae0a16a309ee504766e90db0c96
  PromisesObjC: 68159ce6952d93e17b2dfe273b8c40907db5ba58
  Protobuf: 3724efa50cb2846d7ccebc8691c574e85fd74471

PODFILE CHECKSUM: 0189c27949a1b9f680d2112229d552e0c0db9a91

COCOAPODS: 1.11.2
